{
  "originHash" : "df81c6d12e3a67d28cb2f7d2d7188ee4c8e0340a04672f13032d7ca30e911102",
  "pins" : [
    {
      "identity" : "kakaomapssdk-spm",
      "kind" : "remoteSourceControl",
      "location" : "https://github.com/kakao-mapsSDK/KakaoMapsSDK-SPM.git",
      "state" : {
        "revision" : "cc073a32729b7f545cca49f96d0b859fa3a0d5db",
        "version" : "2.12.10"
      }
    }
  ],
  "version" : 3
}
