// !$*UTF8*$!
{
	archiveVersion = 1;
	classes = {
	};
	objectVersion = 77;
	objects = {

/* Begin PBXBuildFile section */
		29A3BA722E67F63D00A16C59 /* KakaoMapsSDK-SPM in Frameworks */ = {isa = PBXBuildFile; productRef = 29A3BA712E67F63D00A16C59 /* KakaoMapsSDK-SPM */; };
/* End PBXBuildFile section */

/* Begin PBXContainerItemProxy section */
		292343AE2E4B046300FD43E5 /* PBXContainerItemProxy */ = {
			isa = PBXContainerItemProxy;
			containerPortal = 292343982E4B046200FD43E5 /* Project object */;
			proxyType = 1;
			remoteGlobalIDString = 2923439F2E4B046200FD43E5;
			remoteInfo = SodamProject;
		};
		292343B82E4B046300FD43E5 /* PBXContainerItemProxy */ = {
			isa = PBXContainerItemProxy;
			containerPortal = 292343982E4B046200FD43E5 /* Project object */;
			proxyType = 1;
			remoteGlobalIDString = 2923439F2E4B046200FD43E5;
			remoteInfo = SodamProject;
		};
/* End PBXContainerItemProxy section */

/* Begin PBXFileReference section */
		292343A02E4B046200FD43E5 /* SodamProject.app */ = {isa = PBXFileReference; explicitFileType = wrapper.application; includeInIndex = 0; path = SodamProject.app; sourceTree = BUILT_PRODUCTS_DIR; };
		292343AD2E4B046300FD43E5 /* SodamProjectTests.xctest */ = {isa = PBXFileReference; explicitFileType = wrapper.cfbundle; includeInIndex = 0; path = SodamProjectTests.xctest; sourceTree = BUILT_PRODUCTS_DIR; };
		292343B72E4B046300FD43E5 /* SodamProjectUITests.xctest */ = {isa = PBXFileReference; explicitFileType = wrapper.cfbundle; includeInIndex = 0; path = SodamProjectUITests.xctest; sourceTree = BUILT_PRODUCTS_DIR; };
/* End PBXFileReference section */

/* Begin PBXFileSystemSynchronizedBuildFileExceptionSet section */
		29A3BA742E67F94000A16C59 /* Exceptions for "SodamProject" folder in "SodamProject" target */ = {
			isa = PBXFileSystemSynchronizedBuildFileExceptionSet;
			membershipExceptions = (
				Info.plist,
			);
			target = 2923439F2E4B046200FD43E5 /* SodamProject */;
		};
/* End PBXFileSystemSynchronizedBuildFileExceptionSet section */

/* Begin PBXFileSystemSynchronizedRootGroup section */
		292343A22E4B046200FD43E5 /* SodamProject */ = {
			isa = PBXFileSystemSynchronizedRootGroup;
			exceptions = (
				29A3BA742E67F94000A16C59 /* Exceptions for "SodamProject" folder in "SodamProject" target */,
			);
			path = SodamProject;
			sourceTree = "<group>";
		};
/* End PBXFileSystemSynchronizedRootGroup section */

/* Begin PBXFrameworksBuildPhase section */
		2923439D2E4B046200FD43E5 /* Frameworks */ = {
			isa = PBXFrameworksBuildPhase;
			buildActionMask = 2147483647;
			files = (
				29A3BA722E67F63D00A16C59 /* KakaoMapsSDK-SPM in Frameworks */,
			);
			runOnlyForDeploymentPostprocessing = 0;
		};
		292343AA2E4B046300FD43E5 /* Frameworks */ = {
			isa = PBXFrameworksBuildPhase;
			buildActionMask = 2147483647;
			files = (
			);
			runOnlyForDeploymentPostprocessing = 0;
		};
		292343B42E4B046300FD43E5 /* Frameworks */ = {
			isa = PBXFrameworksBuildPhase;
			buildActionMask = 2147483647;
			files = (
			);
			runOnlyForDeploymentPostprocessing = 0;
		};
/* End PBXFrameworksBuildPhase section */

/* Begin PBXGroup section */
		292343972E4B046200FD43E5 = {
			isa = PBXGroup;
			children = (
				292343A22E4B046200FD43E5 /* SodamProject */,
				29A3BA6D2E67F51400A16C59 /* Frameworks */,
				292343A12E4B046200FD43E5 /* Products */,
			);
			sourceTree = "<group>";
		};
		292343A12E4B046200FD43E5 /* Products */ = {
			isa = PBXGroup;
			children = (
				292343A02E4B046200FD43E5 /* SodamProject.app */,
				292343AD2E4B046300FD43E5 /* SodamProjectTests.xctest */,
				292343B72E4B046300FD43E5 /* SodamProjectUITests.xctest */,
			);
			name = Products;
			sourceTree = "<group>";
		};
		29A3BA6D2E67F51400A16C59 /* Frameworks */ = {
			isa = PBXGroup;
			children = (
			);
			name = Frameworks;
			sourceTree = "<group>";
		};
/* End PBXGroup section */

/* Begin PBXNativeTarget section */
		2923439F2E4B046200FD43E5 /* SodamProject */ = {
			isa = PBXNativeTarget;
			buildConfigurationList = 292343C12E4B046300FD43E5 /* Build configuration list for PBXNativeTarget "SodamProject" */;
			buildPhases = (
				2923439C2E4B046200FD43E5 /* Sources */,
				2923439D2E4B046200FD43E5 /* Frameworks */,
				2923439E2E4B046200FD43E5 /* Resources */,
			);
			buildRules = (
			);
			dependencies = (
			);
			fileSystemSynchronizedGroups = (
				292343A22E4B046200FD43E5 /* SodamProject */,
			);
			name = SodamProject;
			packageProductDependencies = (
				29A3BA712E67F63D00A16C59 /* KakaoMapsSDK-SPM */,
			);
			productName = SodamProject;
			productReference = 292343A02E4B046200FD43E5 /* SodamProject.app */;
			productType = "com.apple.product-type.application";
		};
		292343AC2E4B046300FD43E5 /* SodamProjectTests */ = {
			isa = PBXNativeTarget;
			buildConfigurationList = 292343C42E4B046300FD43E5 /* Build configuration list for PBXNativeTarget "SodamProjectTests" */;
			buildPhases = (
				292343A92E4B046300FD43E5 /* Sources */,
				292343AA2E4B046300FD43E5 /* Frameworks */,
				292343AB2E4B046300FD43E5 /* Resources */,
			);
			buildRules = (
			);
			dependencies = (
				292343AF2E4B046300FD43E5 /* PBXTargetDependency */,
			);
			name = SodamProjectTests;
			packageProductDependencies = (
			);
			productName = SodamProjectTests;
			productReference = 292343AD2E4B046300FD43E5 /* SodamProjectTests.xctest */;
			productType = "com.apple.product-type.bundle.unit-test";
		};
		292343B62E4B046300FD43E5 /* SodamProjectUITests */ = {
			isa = PBXNativeTarget;
			buildConfigurationList = 292343C72E4B046300FD43E5 /* Build configuration list for PBXNativeTarget "SodamProjectUITests" */;
			buildPhases = (
				292343B32E4B046300FD43E5 /* Sources */,
				292343B42E4B046300FD43E5 /* Frameworks */,
				292343B52E4B046300FD43E5 /* Resources */,
			);
			buildRules = (
			);
			dependencies = (
				292343B92E4B046300FD43E5 /* PBXTargetDependency */,
			);
			name = SodamProjectUITests;
			packageProductDependencies = (
			);
			productName = SodamProjectUITests;
			productReference = 292343B72E4B046300FD43E5 /* SodamProjectUITests.xctest */;
			productType = "com.apple.product-type.bundle.ui-testing";
		};
/* End PBXNativeTarget section */

/* Begin PBXProject section */
		292343982E4B046200FD43E5 /* Project object */ = {
			isa = PBXProject;
			attributes = {
				BuildIndependentTargetsInParallel = 1;
				LastSwiftUpdateCheck = 1640;
				LastUpgradeCheck = 1640;
				TargetAttributes = {
					2923439F2E4B046200FD43E5 = {
						CreatedOnToolsVersion = 16.4;
					};
					292343AC2E4B046300FD43E5 = {
						CreatedOnToolsVersion = 16.4;
						TestTargetID = 2923439F2E4B046200FD43E5;
					};
					292343B62E4B046300FD43E5 = {
						CreatedOnToolsVersion = 16.4;
						TestTargetID = 2923439F2E4B046200FD43E5;
					};
				};
			};
			buildConfigurationList = 2923439B2E4B046200FD43E5 /* Build configuration list for PBXProject "SodamProject" */;
			developmentRegion = en;
			hasScannedForEncodings = 0;
			knownRegions = (
				en,
				Base,
			);
			mainGroup = 292343972E4B046200FD43E5;
			minimizedProjectReferenceProxies = 1;
			packageReferences = (
				29A3BA702E67F58A00A16C59 /* XCRemoteSwiftPackageReference "KakaoMapsSDK-SPM" */,
			);
			preferredProjectObjectVersion = 77;
			productRefGroup = 292343A12E4B046200FD43E5 /* Products */;
			projectDirPath = "";
			projectRoot = "";
			targets = (
				2923439F2E4B046200FD43E5 /* SodamProject */,
				292343AC2E4B046300FD43E5 /* SodamProjectTests */,
				292343B62E4B046300FD43E5 /* SodamProjectUITests */,
			);
		};
/* End PBXProject section */

/* Begin PBXResourcesBuildPhase section */
		2923439E2E4B046200FD43E5 /* Resources */ = {
			isa = PBXResourcesBuildPhase;
			buildActionMask = 2147483647;
			files = (
			);
			runOnlyForDeploymentPostprocessing = 0;
		};
		292343AB2E4B046300FD43E5 /* Resources */ = {
			isa = PBXResourcesBuildPhase;
			buildActionMask = 2147483647;
			files = (
			);
			runOnlyForDeploymentPostprocessing = 0;
		};
		292343B52E4B046300FD43E5 /* Resources */ = {
			isa = PBXResourcesBuildPhase;
			buildActionMask = 2147483647;
			files = (
			);
			runOnlyForDeploymentPostprocessing = 0;
		};
/* End PBXResourcesBuildPhase section */

/* Begin PBXSourcesBuildPhase section */
		2923439C2E4B046200FD43E5 /* Sources */ = {
			isa = PBXSourcesBuildPhase;
			buildActionMask = 2147483647;
			files = (
			);
			runOnlyForDeploymentPostprocessing = 0;
		};
		292343A92E4B046300FD43E5 /* Sources */ = {
			isa = PBXSourcesBuildPhase;
			buildActionMask = 2147483647;
			files = (
			);
			runOnlyForDeploymentPostprocessing = 0;
		};
		292343B32E4B046300FD43E5 /* Sources */ = {
			isa = PBXSourcesBuildPhase;
			buildActionMask = 2147483647;
			files = (
			);
			runOnlyForDeploymentPostprocessing = 0;
		};
/* End PBXSourcesBuildPhase section */

/* Begin PBXTargetDependency section */
		292343AF2E4B046300FD43E5 /* PBXTargetDependency */ = {
			isa = PBXTargetDependency;
			target = 2923439F2E4B046200FD43E5 /* SodamProject */;
			targetProxy = 292343AE2E4B046300FD43E5 /* PBXContainerItemProxy */;
		};
		292343B92E4B046300FD43E5 /* PBXTargetDependency */ = {
			isa = PBXTargetDependency;
			target = 2923439F2E4B046200FD43E5 /* SodamProject */;
			targetProxy = 292343B82E4B046300FD43E5 /* PBXContainerItemProxy */;
		};
/* End PBXTargetDependency section */

/* Begin XCBuildConfiguration section */
		292343BF2E4B046300FD43E5 /* Debug */ = {
			isa = XCBuildConfiguration;
			buildSettings = {
				ALWAYS_SEARCH_USER_PATHS = NO;
				ASSETCATALOG_COMPILER_GENERATE_SWIFT_ASSET_SYMBOL_EXTENSIONS = YES;
				CLANG_ANALYZER_NONNULL = YES;
				CLANG_ANALYZER_NUMBER_OBJECT_CONVERSION = YES_AGGRESSIVE;
				CLANG_CXX_LANGUAGE_STANDARD = "gnu++20";
				CLANG_ENABLE_MODULES = YES;
				CLANG_ENABLE_OBJC_ARC = YES;
				CLANG_ENABLE_OBJC_WEAK = YES;
				CLANG_WARN_BLOCK_CAPTURE_AUTORELEASING = YES;
				CLANG_WARN_BOOL_CONVERSION = YES;
				CLANG_WARN_COMMA = YES;
				CLANG_WARN_CONSTANT_CONVERSION = YES;
				CLANG_WARN_DEPRECATED_OBJC_IMPLEMENTATIONS = YES;
				CLANG_WARN_DIRECT_OBJC_ISA_USAGE = YES_ERROR;
				CLANG_WARN_DOCUMENTATION_COMMENTS = YES;
				CLANG_WARN_EMPTY_BODY = YES;
				CLANG_WARN_ENUM_CONVERSION = YES;
				CLANG_WARN_INFINITE_RECURSION = YES;
				CLANG_WARN_INT_CONVERSION = YES;
				CLANG_WARN_NON_LITERAL_NULL_CONVERSION = YES;
				CLANG_WARN_OBJC_IMPLICIT_RETAIN_SELF = YES;
				CLANG_WARN_OBJC_LITERAL_CONVERSION = YES;
				CLANG_WARN_OBJC_ROOT_CLASS = YES_ERROR;
				CLANG_WARN_QUOTED_INCLUDE_IN_FRAMEWORK_HEADER = YES;
				CLANG_WARN_RANGE_LOOP_ANALYSIS = YES;
				CLANG_WARN_STRICT_PROTOTYPES = YES;
				CLANG_WARN_SUSPICIOUS_MOVE = YES;
				CLANG_WARN_UNGUARDED_AVAILABILITY = YES_AGGRESSIVE;
				CLANG_WARN_UNREACHABLE_CODE = YES;
				CLANG_WARN__DUPLICATE_METHOD_MATCH = YES;
				COPY_PHASE_STRIP = NO;
				DEBUG_INFORMATION_FORMAT = dwarf;
				DEVELOPMENT_TEAM = AVYL2S59ZR;
				ENABLE_STRICT_OBJC_MSGSEND = YES;
				ENABLE_TESTABILITY = YES;
				ENABLE_USER_SCRIPT_SANDBOXING = YES;
				GCC_C_LANGUAGE_STANDARD = gnu17;
				GCC_DYNAMIC_NO_PIC = NO;
				GCC_NO_COMMON_BLOCKS = YES;
				GCC_OPTIMIZATION_LEVEL = 0;
				GCC_PREPROCESSOR_DEFINITIONS = (
					"DEBUG=1",
					"$(inherited)",
				);
				GCC_WARN_64_TO_32_BIT_CONVERSION = YES;
				GCC_WARN_ABOUT_RETURN_TYPE = YES_ERROR;
				GCC_WARN_UNDECLARED_SELECTOR = YES;
				GCC_WARN_UNINITIALIZED_AUTOS = YES_AGGRESSIVE;
				GCC_WARN_UNUSED_FUNCTION = YES;
				GCC_WARN_UNUSED_VARIABLE = YES;
				IPHONEOS_DEPLOYMENT_TARGET = 18.5;
				LOCALIZATION_PREFERS_STRING_CATALOGS = YES;
				MTL_ENABLE_DEBUG_INFO = INCLUDE_SOURCE;
				MTL_FAST_MATH = YES;
				ONLY_ACTIVE_ARCH = YES;
				SDKROOT = iphoneos;
				SWIFT_ACTIVE_COMPILATION_CONDITIONS = "DEBUG $(inherited)";
				SWIFT_OPTIMIZATION_LEVEL = "-Onone";
			};
			name = Debug;
		};
		292343C02E4B046300FD43E5 /* Release */ = {
			isa = XCBuildConfiguration;
			buildSettings = {
				ALWAYS_SEARCH_USER_PATHS = NO;
				ASSETCATALOG_COMPILER_GENERATE_SWIFT_ASSET_SYMBOL_EXTENSIONS = YES;
				CLANG_ANALYZER_NONNULL = YES;
				CLANG_ANALYZER_NUMBER_OBJECT_CONVERSION = YES_AGGRESSIVE;
				CLANG_CXX_LANGUAGE_STANDARD = "gnu++20";
				CLANG_ENABLE_MODULES = YES;
				CLANG_ENABLE_OBJC_ARC = YES;
				CLANG_ENABLE_OBJC_WEAK = YES;
				CLANG_WARN_BLOCK_CAPTURE_AUTORELEASING = YES;
				CLANG_WARN_BOOL_CONVERSION = YES;
				CLANG_WARN_COMMA = YES;
				CLANG_WARN_CONSTANT_CONVERSION = YES;
				CLANG_WARN_DEPRECATED_OBJC_IMPLEMENTATIONS = YES;
				CLANG_WARN_DIRECT_OBJC_ISA_USAGE = YES_ERROR;
				CLANG_WARN_DOCUMENTATION_COMMENTS = YES;
				CLANG_WARN_EMPTY_BODY = YES;
				CLANG_WARN_ENUM_CONVERSION = YES;
				CLANG_WARN_INFINITE_RECURSION = YES;
				CLANG_WARN_INT_CONVERSION = YES;
				CLANG_WARN_NON_LITERAL_NULL_CONVERSION = YES;
				CLANG_WARN_OBJC_IMPLICIT_RETAIN_SELF = YES;
				CLANG_WARN_OBJC_LITERAL_CONVERSION = YES;
				CLANG_WARN_OBJC_ROOT_CLASS = YES_ERROR;
				CLANG_WARN_QUOTED_INCLUDE_IN_FRAMEWORK_HEADER = YES;
				CLANG_WARN_RANGE_LOOP_ANALYSIS = YES;
				CLANG_WARN_STRICT_PROTOTYPES = YES;
				CLANG_WARN_SUSPICIOUS_MOVE = YES;
				CLANG_WARN_UNGUARDED_AVAILABILITY = YES_AGGRESSIVE;
				CLANG_WARN_UNREACHABLE_CODE = YES;
				CLANG_WARN__DUPLICATE_METHOD_MATCH = YES;
				COPY_PHASE_STRIP = NO;
				DEBUG_INFORMATION_FORMAT = "dwarf-with-dsym";
				DEVELOPMENT_TEAM = AVYL2S59ZR;
				ENABLE_NS_ASSERTIONS = NO;
				ENABLE_STRICT_OBJC_MSGSEND = YES;
				ENABLE_USER_SCRIPT_SANDBOXING = YES;
				GCC_C_LANGUAGE_STANDARD = gnu17;
				GCC_NO_COMMON_BLOCKS = YES;
				GCC_WARN_64_TO_32_BIT_CONVERSION = YES;
				GCC_WARN_ABOUT_RETURN_TYPE = YES_ERROR;
				GCC_WARN_UNDECLARED_SELECTOR = YES;
				GCC_WARN_UNINITIALIZED_AUTOS = YES_AGGRESSIVE;
				GCC_WARN_UNUSED_FUNCTION = YES;
				GCC_WARN_UNUSED_VARIABLE = YES;
				IPHONEOS_DEPLOYMENT_TARGET = 18.5;
				LOCALIZATION_PREFERS_STRING_CATALOGS = YES;
				MTL_ENABLE_DEBUG_INFO = NO;
				MTL_FAST_MATH = YES;
				SDKROOT = iphoneos;
				SWIFT_COMPILATION_MODE = wholemodule;
				VALIDATE_PRODUCT = YES;
			};
			name = Release;
		};
		292343C22E4B046300FD43E5 /* Debug */ = {
			isa = XCBuildConfiguration;
			buildSettings = {
				ASSETCATALOG_COMPILER_APPICON_NAME = AppIcon;
				ASSETCATALOG_COMPILER_GLOBAL_ACCENT_COLOR_NAME = AccentColor;
				CODE_SIGN_STYLE = Automatic;
				CURRENT_PROJECT_VERSION = 1;
				DEVELOPMENT_TEAM = AVYL2S59ZR;
				ENABLE_PREVIEWS = YES;
				GENERATE_INFOPLIST_FILE = YES;
				INFOPLIST_FILE = SodamProject/Info.plist;
				INFOPLIST_KEY_NSLocationWhenInUseUsageDescription = "앱 사용 중 현재 위치를 이용합니다.";
				INFOPLIST_KEY_UIApplicationSceneManifest_Generation = YES;
				INFOPLIST_KEY_UIApplicationSupportsIndirectInputEvents = YES;
				INFOPLIST_KEY_UILaunchScreen_Generation = YES;
				INFOPLIST_KEY_UISupportedInterfaceOrientations_iPad = "UIInterfaceOrientationPortrait UIInterfaceOrientationPortraitUpsideDown UIInterfaceOrientationLandscapeLeft UIInterfaceOrientationLandscapeRight";
				INFOPLIST_KEY_UISupportedInterfaceOrientations_iPhone = "UIInterfaceOrientationPortrait UIInterfaceOrientationLandscapeLeft UIInterfaceOrientationLandscapeRight";
				LD_RUNPATH_SEARCH_PATHS = (
					"$(inherited)",
					"@executable_path/Frameworks",
				);
				MARKETING_VERSION = 1.0;
				PRODUCT_BUNDLE_IDENTIFIER = com.yxxunseo.SodamProject;
				PRODUCT_NAME = "$(TARGET_NAME)";
				SWIFT_EMIT_LOC_STRINGS = YES;
				SWIFT_VERSION = 5.0;
				TARGETED_DEVICE_FAMILY = "1,2";
			};
			name = Debug;
		};
		292343C32E4B046300FD43E5 /* Release */ = {
			isa = XCBuildConfiguration;
			buildSettings = {
				ASSETCATALOG_COMPILER_APPICON_NAME = AppIcon;
				ASSETCATALOG_COMPILER_GLOBAL_ACCENT_COLOR_NAME = AccentColor;
				CODE_SIGN_STYLE = Automatic;
				CURRENT_PROJECT_VERSION = 1;
				DEVELOPMENT_TEAM = AVYL2S59ZR;
				ENABLE_PREVIEWS = YES;
				GENERATE_INFOPLIST_FILE = YES;
				INFOPLIST_FILE = SodamProject/Info.plist;
				INFOPLIST_KEY_NSLocationWhenInUseUsageDescription = "앱 사용 중 현재 위치를 이용합니다.";
				INFOPLIST_KEY_UIApplicationSceneManifest_Generation = YES;
				INFOPLIST_KEY_UIApplicationSupportsIndirectInputEvents = YES;
				INFOPLIST_KEY_UILaunchScreen_Generation = YES;
				INFOPLIST_KEY_UISupportedInterfaceOrientations_iPad = "UIInterfaceOrientationPortrait UIInterfaceOrientationPortraitUpsideDown UIInterfaceOrientationLandscapeLeft UIInterfaceOrientationLandscapeRight";
				INFOPLIST_KEY_UISupportedInterfaceOrientations_iPhone = "UIInterfaceOrientationPortrait UIInterfaceOrientationLandscapeLeft UIInterfaceOrientationLandscapeRight";
				LD_RUNPATH_SEARCH_PATHS = (
					"$(inherited)",
					"@executable_path/Frameworks",
				);
				MARKETING_VERSION = 1.0;
				PRODUCT_BUNDLE_IDENTIFIER = com.yxxunseo.SodamProject;
				PRODUCT_NAME = "$(TARGET_NAME)";
				SWIFT_EMIT_LOC_STRINGS = YES;
				SWIFT_VERSION = 5.0;
				TARGETED_DEVICE_FAMILY = "1,2";
			};
			name = Release;
		};
		292343C52E4B046300FD43E5 /* Debug */ = {
			isa = XCBuildConfiguration;
			buildSettings = {
				BUNDLE_LOADER = "$(TEST_HOST)";
				CODE_SIGN_STYLE = Automatic;
				CURRENT_PROJECT_VERSION = 1;
				DEVELOPMENT_TEAM = AVYL2S59ZR;
				GENERATE_INFOPLIST_FILE = YES;
				IPHONEOS_DEPLOYMENT_TARGET = 18.5;
				MARKETING_VERSION = 1.0;
				PRODUCT_BUNDLE_IDENTIFIER = com.yxxunseo.SodamProjectTests;
				PRODUCT_NAME = "$(TARGET_NAME)";
				SWIFT_EMIT_LOC_STRINGS = NO;
				SWIFT_VERSION = 5.0;
				TARGETED_DEVICE_FAMILY = "1,2";
				TEST_HOST = "$(BUILT_PRODUCTS_DIR)/SodamProject.app/$(BUNDLE_EXECUTABLE_FOLDER_PATH)/SodamProject";
			};
			name = Debug;
		};
		292343C62E4B046300FD43E5 /* Release */ = {
			isa = XCBuildConfiguration;
			buildSettings = {
				BUNDLE_LOADER = "$(TEST_HOST)";
				CODE_SIGN_STYLE = Automatic;
				CURRENT_PROJECT_VERSION = 1;
				DEVELOPMENT_TEAM = AVYL2S59ZR;
				GENERATE_INFOPLIST_FILE = YES;
				IPHONEOS_DEPLOYMENT_TARGET = 18.5;
				MARKETING_VERSION = 1.0;
				PRODUCT_BUNDLE_IDENTIFIER = com.yxxunseo.SodamProjectTests;
				PRODUCT_NAME = "$(TARGET_NAME)";
				SWIFT_EMIT_LOC_STRINGS = NO;
				SWIFT_VERSION = 5.0;
				TARGETED_DEVICE_FAMILY = "1,2";
				TEST_HOST = "$(BUILT_PRODUCTS_DIR)/SodamProject.app/$(BUNDLE_EXECUTABLE_FOLDER_PATH)/SodamProject";
			};
			name = Release;
		};
		292343C82E4B046300FD43E5 /* Debug */ = {
			isa = XCBuildConfiguration;
			buildSettings = {
				CODE_SIGN_STYLE = Automatic;
				CURRENT_PROJECT_VERSION = 1;
				DEVELOPMENT_TEAM = AVYL2S59ZR;
				GENERATE_INFOPLIST_FILE = YES;
				MARKETING_VERSION = 1.0;
				PRODUCT_BUNDLE_IDENTIFIER = com.yxxunseo.SodamProjectUITests;
				PRODUCT_NAME = "$(TARGET_NAME)";
				SWIFT_EMIT_LOC_STRINGS = NO;
				SWIFT_VERSION = 5.0;
				TARGETED_DEVICE_FAMILY = "1,2";
				TEST_TARGET_NAME = SodamProject;
			};
			name = Debug;
		};
		292343C92E4B046300FD43E5 /* Release */ = {
			isa = XCBuildConfiguration;
			buildSettings = {
				CODE_SIGN_STYLE = Automatic;
				CURRENT_PROJECT_VERSION = 1;
				DEVELOPMENT_TEAM = AVYL2S59ZR;
				GENERATE_INFOPLIST_FILE = YES;
				MARKETING_VERSION = 1.0;
				PRODUCT_BUNDLE_IDENTIFIER = com.yxxunseo.SodamProjectUITests;
				PRODUCT_NAME = "$(TARGET_NAME)";
				SWIFT_EMIT_LOC_STRINGS = NO;
				SWIFT_VERSION = 5.0;
				TARGETED_DEVICE_FAMILY = "1,2";
				TEST_TARGET_NAME = SodamProject;
			};
			name = Release;
		};
/* End XCBuildConfiguration section */

/* Begin XCConfigurationList section */
		2923439B2E4B046200FD43E5 /* Build configuration list for PBXProject "SodamProject" */ = {
			isa = XCConfigurationList;
			buildConfigurations = (
				292343BF2E4B046300FD43E5 /* Debug */,
				292343C02E4B046300FD43E5 /* Release */,
			);
			defaultConfigurationIsVisible = 0;
			defaultConfigurationName = Release;
		};
		292343C12E4B046300FD43E5 /* Build configuration list for PBXNativeTarget "SodamProject" */ = {
			isa = XCConfigurationList;
			buildConfigurations = (
				292343C22E4B046300FD43E5 /* Debug */,
				292343C32E4B046300FD43E5 /* Release */,
			);
			defaultConfigurationIsVisible = 0;
			defaultConfigurationName = Release;
		};
		292343C42E4B046300FD43E5 /* Build configuration list for PBXNativeTarget "SodamProjectTests" */ = {
			isa = XCConfigurationList;
			buildConfigurations = (
				292343C52E4B046300FD43E5 /* Debug */,
				292343C62E4B046300FD43E5 /* Release */,
			);
			defaultConfigurationIsVisible = 0;
			defaultConfigurationName = Release;
		};
		292343C72E4B046300FD43E5 /* Build configuration list for PBXNativeTarget "SodamProjectUITests" */ = {
			isa = XCConfigurationList;
			buildConfigurations = (
				292343C82E4B046300FD43E5 /* Debug */,
				292343C92E4B046300FD43E5 /* Release */,
			);
			defaultConfigurationIsVisible = 0;
			defaultConfigurationName = Release;
		};
/* End XCConfigurationList section */

/* Begin XCRemoteSwiftPackageReference section */
		29A3BA702E67F58A00A16C59 /* XCRemoteSwiftPackageReference "KakaoMapsSDK-SPM" */ = {
			isa = XCRemoteSwiftPackageReference;
			repositoryURL = "https://github.com/kakao-mapsSDK/KakaoMapsSDK-SPM";
			requirement = {
				kind = upToNextMajorVersion;
				minimumVersion = 2.12.10;
			};
		};
/* End XCRemoteSwiftPackageReference section */

/* Begin XCSwiftPackageProductDependency section */
		29A3BA712E67F63D00A16C59 /* KakaoMapsSDK-SPM */ = {
			isa = XCSwiftPackageProductDependency;
			package = 29A3BA702E67F58A00A16C59 /* XCRemoteSwiftPackageReference "KakaoMapsSDK-SPM" */;
			productName = "KakaoMapsSDK-SPM";
		};
/* End XCSwiftPackageProductDependency section */
	};
	rootObject = 292343982E4B046200FD43E5 /* Project object */;
}
